
Microsoft Visual Studio Solution File, Format Version 12.00
# Visual Studio Version 17
VisualStudioVersion = 17.12.35527.113
MinimumVisualStudioVersion = 10.0.40219.1
Project("{FAE04EC0-301F-11D3-BF4B-00C04F79EFBC}") = "UIApp", "UIApp\UIApp.csproj", "{86838D88-3CDE-4460-AB99-73AE07C93872}"
EndProject
Project("{FAE04EC0-301F-11D3-BF4B-00C04F79EFBC}") = "APIApp", "..\APIApp\APIApp\APIApp.csproj", "{784B2966-983D-4D0C-9F26-F681AA6FDEB4}"
EndProject
Global
	GlobalSection(SolutionConfigurationPlatforms) = preSolution
		Debug|Any CPU = Debug|Any CPU
		Release|Any CPU = Release|Any CPU
	EndGlobalSection
	GlobalSection(ProjectConfigurationPlatforms) = postSolution
		{86838D88-3CDE-4460-AB99-73AE07C93872}.Debug|Any CPU.ActiveCfg = Debug|Any CPU
		{86838D88-3CDE-4460-AB99-73AE07C93872}.Debug|Any CPU.Build.0 = Debug|Any CPU
		{86838D88-3CDE-4460-AB99-73AE07C93872}.Release|Any CPU.ActiveCfg = Release|Any CPU
		{86838D88-3CDE-4460-AB99-73AE07C93872}.Release|Any CPU.Build.0 = Release|Any CPU
		{784B2966-983D-4D0C-9F26-F681AA6FDEB4}.Debug|Any CPU.ActiveCfg = Debug|Any CPU
		{784B2966-983D-4D0C-9F26-F681AA6FDEB4}.Debug|Any CPU.Build.0 = Debug|Any CPU
		{784B2966-983D-4D0C-9F26-F681AA6FDEB4}.Release|Any CPU.ActiveCfg = Release|Any CPU
		{784B2966-983D-4D0C-9F26-F681AA6FDEB4}.Release|Any CPU.Build.0 = Release|Any CPU
	EndGlobalSection
	GlobalSection(SolutionProperties) = preSolution
		HideSolutionNode = FALSE
	EndGlobalSection
EndGlobal
